
Microsoft Visual Studio Solution File, Format Version 12.00
# Visual Studio Version 16
VisualStudioVersion = 16.0.31321.278
MinimumVisualStudioVersion = 10.0.40219.1
Project("{FAE04EC0-301F-11D3-BF4B-00C04F79EFBC}") = "modulo2", "modulo2\modulo2.csproj", "{3F74AE60-944B-4DC7-89AF-050D5BD4D0F7}"
EndProject
Global
	GlobalSection(SolutionConfigurationPlatforms) = preSolution
		Debug|Any CPU = Debug|Any CPU
		Release|Any CPU = Release|Any CPU
	EndGlobalSection
	GlobalSection(ProjectConfigurationPlatforms) = postSolution
		{3F74AE60-944B-4DC7-89AF-050D5BD4D0F7}.Debug|Any CPU.ActiveCfg = Debug|Any CPU
		{3F74AE60-944B-4DC7-89AF-050D5BD4D0F7}.Debug|Any CPU.Build.0 = Debug|Any CPU
		{3F74AE60-944B-4DC7-89AF-050D5BD4D0F7}.Release|Any CPU.ActiveCfg = Release|Any CPU
		{3F74AE60-944B-4DC7-89AF-050D5BD4D0F7}.Release|Any CPU.Build.0 = Release|Any CPU
	EndGlobalSection
	GlobalSection(SolutionProperties) = preSolution
		HideSolutionNode = FALSE
	EndGlobalSection
	GlobalSection(ExtensibilityGlobals) = postSolution
		SolutionGuid = {F228F53A-A9A1-411D-B0BB-6D6EABFE0794}
	EndGlobalSection
EndGlobal
